// !$*UTF8*$!
{
	archiveVersion = 1;
	classes = {
	};
	objectVersion = 46;
	objects = {

/* Begin PBXBuildFile section */
		CCE7377C1C218A0400848D46 /* main.m in Sources */ = {isa = PBXBuildFile; fileRef = CCE7377B1C218A0400848D46 /* main.m */; };
		CCE7377F1C218A0400848D46 /* AppDelegate.m in Sources */ = {isa = PBXBuildFile; fileRef = CCE7377E1C218A0400848D46 /* AppDelegate.m */; };
		CCE737851C218A0400848D46 /* Main.storyboard in Resources */ = {isa = PBXBuildFile; fileRef = CCE737831C218A0400848D46 /* Main.storyboard */; };
		CCE737871C218A0400848D46 /* Assets.xcassets in Resources */ = {isa = PBXBuildFile; fileRef = CCE737861C218A0400848D46 /* Assets.xcassets */; };
		CCE7378A1C218A0400848D46 /* LaunchScreen.storyboard in Resources */ = {isa = PBXBuildFile; fileRef = CCE737881C218A0400848D46 /* LaunchScreen.storyboard */; };
		CCE737951C218A0400848D46 /* MusicPlayerDemoTests.m in Sources */ = {isa = PBXBuildFile; fileRef = CCE737941C218A0400848D46 /* MusicPlayerDemoTests.m */; };
		CCE737A01C218A0400848D46 /* MusicPlayerDemoUITests.m in Sources */ = {isa = PBXBuildFile; fileRef = CCE7379F1C218A0400848D46 /* MusicPlayerDemoUITests.m */; };
		CCE737AF1C2195D100848D46 /* CD.png in Resources */ = {isa = PBXBuildFile; fileRef = CCE737AE1C2195D100848D46 /* CD.png */; };
		CCE737B11C21987900848D46 /* a.jpg in Resources */ = {isa = PBXBuildFile; fileRef = CCE737B01C21987900848D46 /* a.jpg */; };
		CCE737B41C219A3800848D46 /* b.png in Resources */ = {isa = PBXBuildFile; fileRef = CCE737B21C219A3800848D46 /* b.png */; };
		CCE737B51C219A3800848D46 /* b1.png in Resources */ = {isa = PBXBuildFile; fileRef = CCE737B31C219A3800848D46 /* b1.png */; };
		CCE737B71C219AC000848D46 /* menu1.png in Resources */ = {isa = PBXBuildFile; fileRef = CCE737B61C219AC000848D46 /* menu1.png */; };
		CCE737BE1C219D1C00848D46 /* PlayViewController.m in Sources */ = {isa = PBXBuildFile; fileRef = CCE737BD1C219D1C00848D46 /* PlayViewController.m */; };
		CCE737C11C219D3400848D46 /* ListViewController.m in Sources */ = {isa = PBXBuildFile; fileRef = CCE737C01C219D3400848D46 /* ListViewController.m */; };
		CCE737C51C219F5F00848D46 /* tabBar.png in Resources */ = {isa = PBXBuildFile; fileRef = CCE737C41C219F5F00848D46 /* tabBar.png */; };
/* End PBXBuildFile section */

/* Begin PBXContainerItemProxy section */
		CCE737911C218A0400848D46 /* PBXContainerItemProxy */ = {
			isa = PBXContainerItemProxy;
			containerPortal = CCE7376F1C218A0400848D46 /* Project object */;
			proxyType = 1;
			remoteGlobalIDString = CCE737761C218A0400848D46;
			remoteInfo = MusicPlayerDemo;
		};
		CCE7379C1C218A0400848D46 /* PBXContainerItemProxy */ = {
			isa = PBXContainerItemProxy;
			containerPortal = CCE7376F1C218A0400848D46 /* Project object */;
			proxyType = 1;
			remoteGlobalIDString = CCE737761C218A0400848D46;
			remoteInfo = MusicPlayerDemo;
		};
/* End PBXContainerItemProxy section */

/* Begin PBXFileReference section */
		CCE737771C218A0400848D46 /* MusicPlayerDemo.app */ = {isa = PBXFileReference; explicitFileType = wrapper.application; includeInIndex = 0; path = MusicPlayerDemo.app; sourceTree = BUILT_PRODUCTS_DIR; };
		CCE7377B1C218A0400848D46 /* main.m */ = {isa = PBXFileReference; lastKnownFileType = sourcecode.c.objc; path = main.m; sourceTree = "<group>"; };
		CCE7377D1C218A0400848D46 /* AppDelegate.h */ = {isa = PBXFileReference; lastKnownFileType = sourcecode.c.h; path = AppDelegate.h; sourceTree = "<group>"; };
		CCE7377E1C218A0400848D46 /* AppDelegate.m */ = {isa = PBXFileReference; lastKnownFileType = sourcecode.c.objc; path = AppDelegate.m; sourceTree = "<group>"; };
		CCE737841C218A0400848D46 /* Base */ = {isa = PBXFileReference; lastKnownFileType = file.storyboard; name = Base; path = Base.lproj/Main.storyboard; sourceTree = "<group>"; };
		CCE737861C218A0400848D46 /* Assets.xcassets */ = {isa = PBXFileReference; lastKnownFileType = folder.assetcatalog; path = Assets.xcassets; sourceTree = "<group>"; };
		CCE737891C218A0400848D46 /* Base */ = {isa = PBXFileReference; lastKnownFileType = file.storyboard; name = Base; path = Base.lproj/LaunchScreen.storyboard; sourceTree = "<group>"; };
		CCE7378B1C218A0400848D46 /* Info.plist */ = {isa = PBXFileReference; lastKnownFileType = text.plist.xml; path = Info.plist; sourceTree = "<group>"; };
		CCE737901C218A0400848D46 /* MusicPlayerDemoTests.xctest */ = {isa = PBXFileReference; explicitFileType = wrapper.cfbundle; includeInIndex = 0; path = MusicPlayerDemoTests.xctest; sourceTree = BUILT_PRODUCTS_DIR; };
		CCE737941C218A0400848D46 /* MusicPlayerDemoTests.m */ = {isa = PBXFileReference; lastKnownFileType = sourcecode.c.objc; path = MusicPlayerDemoTests.m; sourceTree = "<group>"; };
		CCE737961C218A0400848D46 /* Info.plist */ = {isa = PBXFileReference; lastKnownFileType = text.plist.xml; path = Info.plist; sourceTree = "<group>"; };
		CCE7379B1C218A0400848D46 /* MusicPlayerDemoUITests.xctest */ = {isa = PBXFileReference; explicitFileType = wrapper.cfbundle; includeInIndex = 0; path = MusicPlayerDemoUITests.xctest; sourceTree = BUILT_PRODUCTS_DIR; };
		CCE7379F1C218A0400848D46 /* MusicPlayerDemoUITests.m */ = {isa = PBXFileReference; lastKnownFileType = sourcecode.c.objc; path = MusicPlayerDemoUITests.m; sourceTree = "<group>"; };
		CCE737A11C218A0400848D46 /* Info.plist */ = {isa = PBXFileReference; lastKnownFileType = text.plist.xml; path = Info.plist; sourceTree = "<group>"; };
		CCE737AE1C2195D100848D46 /* CD.png */ = {isa = PBXFileReference; lastKnownFileType = image.png; path = CD.png; sourceTree = "<group>"; };
		CCE737B01C21987900848D46 /* a.jpg */ = {isa = PBXFileReference; lastKnownFileType = image.jpeg; path = a.jpg; sourceTree = "<group>"; };
		CCE737B21C219A3800848D46 /* b.png */ = {isa = PBXFileReference; lastKnownFileType = image.png; path = b.png; sourceTree = "<group>"; };
		CCE737B31C219A3800848D46 /* b1.png */ = {isa = PBXFileReference; lastKnownFileType = image.png; path = b1.png; sourceTree = "<group>"; };
		CCE737B61C219AC000848D46 /* menu1.png */ = {isa = PBXFileReference; lastKnownFileType = image.png; path = menu1.png; sourceTree = "<group>"; };
		CCE737BC1C219D1C00848D46 /* PlayViewController.h */ = {isa = PBXFileReference; fileEncoding = 4; lastKnownFileType = sourcecode.c.h; path = PlayViewController.h; sourceTree = "<group>"; };
		CCE737BD1C219D1C00848D46 /* PlayViewController.m */ = {isa = PBXFileReference; fileEncoding = 4; lastKnownFileType = sourcecode.c.objc; path = PlayViewController.m; sourceTree = "<group>"; };
		CCE737BF1C219D3400848D46 /* ListViewController.h */ = {isa = PBXFileReference; fileEncoding = 4; lastKnownFileType = sourcecode.c.h; path = ListViewController.h; sourceTree = "<group>"; };
		CCE737C01C219D3400848D46 /* ListViewController.m */ = {isa = PBXFileReference; fileEncoding = 4; lastKnownFileType = sourcecode.c.objc; path = ListViewController.m; sourceTree = "<group>"; };
		CCE737C41C219F5F00848D46 /* tabBar.png */ = {isa = PBXFileReference; lastKnownFileType = image.png; path = tabBar.png; sourceTree = "<group>"; };
/* End PBXFileReference section */

/* Begin PBXFrameworksBuildPhase section */
		CCE737741C218A0400848D46 /* Frameworks */ = {
			isa = PBXFrameworksBuildPhase;
			buildActionMask = 2147483647;
			files = (
			);
			runOnlyForDeploymentPostprocessing = 0;
		};
		CCE7378D1C218A0400848D46 /* Frameworks */ = {
			isa = PBXFrameworksBuildPhase;
			buildActionMask = 2147483647;
			files = (
			);
			runOnlyForDeploymentPostprocessing = 0;
		};
		CCE737981C218A0400848D46 /* Frameworks */ = {
			isa = PBXFrameworksBuildPhase;
			buildActionMask = 2147483647;
			files = (
			);
			runOnlyForDeploymentPostprocessing = 0;
		};
/* End PBXFrameworksBuildPhase section */

/* Begin PBXGroup section */
		CCE7376E1C218A0400848D46 = {
			isa = PBXGroup;
			children = (
				CCE737791C218A0400848D46 /* MusicPlayerDemo */,
				CCE737931C218A0400848D46 /* MusicPlayerDemoTests */,
				CCE7379E1C218A0400848D46 /* MusicPlayerDemoUITests */,
				CCE737781C218A0400848D46 /* Products */,
			);
			sourceTree = "<group>";
		};
		CCE737781C218A0400848D46 /* Products */ = {
			isa = PBXGroup;
			children = (
				CCE737771C218A0400848D46 /* MusicPlayerDemo.app */,
				CCE737901C218A0400848D46 /* MusicPlayerDemoTests.xctest */,
				CCE7379B1C218A0400848D46 /* MusicPlayerDemoUITests.xctest */,
			);
			name = Products;
			sourceTree = "<group>";
		};
		CCE737791C218A0400848D46 /* MusicPlayerDemo */ = {
			isa = PBXGroup;
			children = (
				CCE737C31C219D4200848D46 /* Models */,
				CCE737C21C219D3A00848D46 /* Views */,
				CCE737B81C219CD400848D46 /* Controllers */,
				CCE7377A1C218A0400848D46 /* Supporting Files */,
			);
			path = MusicPlayerDemo;
			sourceTree = "<group>";
		};
		CCE7377A1C218A0400848D46 /* Supporting Files */ = {
			isa = PBXGroup;
			children = (
				CCE737AD1C2195D100848D46 /* file */,
				CCE7377B1C218A0400848D46 /* main.m */,
				CCE7377D1C218A0400848D46 /* AppDelegate.h */,
				CCE7377E1C218A0400848D46 /* AppDelegate.m */,
				CCE737861C218A0400848D46 /* Assets.xcassets */,
				CCE737881C218A0400848D46 /* LaunchScreen.storyboard */,
				CCE7378B1C218A0400848D46 /* Info.plist */,
			);
			name = "Supporting Files";
			sourceTree = "<group>";
		};
		CCE737931C218A0400848D46 /* MusicPlayerDemoTests */ = {
			isa = PBXGroup;
			children = (
				CCE737941C218A0400848D46 /* MusicPlayerDemoTests.m */,
				CCE737961C218A0400848D46 /* Info.plist */,
			);
			path = MusicPlayerDemoTests;
			sourceTree = "<group>";
		};
		CCE7379E1C218A0400848D46 /* MusicPlayerDemoUITests */ = {
			isa = PBXGroup;
			children = (
				CCE7379F1C218A0400848D46 /* MusicPlayerDemoUITests.m */,
				CCE737A11C218A0400848D46 /* Info.plist */,
			);
			path = MusicPlayerDemoUITests;
			sourceTree = "<group>";
		};
		CCE737AD1C2195D100848D46 /* file */ = {
			isa = PBXGroup;
			children = (
				CCE737C41C219F5F00848D46 /* tabBar.png */,
				CCE737B61C219AC000848D46 /* menu1.png */,
				CCE737B21C219A3800848D46 /* b.png */,
				CCE737B31C219A3800848D46 /* b1.png */,
				CCE737B01C21987900848D46 /* a.jpg */,
				CCE737AE1C2195D100848D46 /* CD.png */,
			);
			path = file;
			sourceTree = "<group>";
		};
		CCE737B81C219CD400848D46 /* Controllers */ = {
			isa = PBXGroup;
			children = (
				CCE737BC1C219D1C00848D46 /* PlayViewController.h */,
				CCE737BD1C219D1C00848D46 /* PlayViewController.m */,
				CCE737BF1C219D3400848D46 /* ListViewController.h */,
				CCE737C01C219D3400848D46 /* ListViewController.m */,
			);
			name = Controllers;
			sourceTree = "<group>";
		};
		CCE737C21C219D3A00848D46 /* Views */ = {
			isa = PBXGroup;
			children = (
				CCE737831C218A0400848D46 /* Main.storyboard */,
			);
			name = Views;
			sourceTree = "<group>";
		};
		CCE737C31C219D4200848D46 /* Models */ = {
			isa = PBXGroup;
			children = (
			);
			name = Models;
			sourceTree = "<group>";
		};
/* End PBXGroup section */

/* Begin PBXNativeTarget section */
		CCE737761C218A0400848D46 /* MusicPlayerDemo */ = {
			isa = PBXNativeTarget;
			buildConfigurationList = CCE737A41C218A0400848D46 /* Build configuration list for PBXNativeTarget "MusicPlayerDemo" */;
			buildPhases = (
				CCE737731C218A0400848D46 /* Sources */,
				CCE737741C218A0400848D46 /* Frameworks */,
				CCE737751C218A0400848D46 /* Resources */,
			);
			buildRules = (
			);
			dependencies = (
			);
			name = MusicPlayerDemo;
			productName = MusicPlayerDemo;
			productReference = CCE737771C218A0400848D46 /* MusicPlayerDemo.app */;
			productType = "com.apple.product-type.application";
		};
		CCE7378F1C218A0400848D46 /* MusicPlayerDemoTests */ = {
			isa = PBXNativeTarget;
			buildConfigurationList = CCE737A71C218A0400848D46 /* Build configuration list for PBXNativeTarget "MusicPlayerDemoTests" */;
			buildPhases = (
				CCE7378C1C218A0400848D46 /* Sources */,
				CCE7378D1C218A0400848D46 /* Frameworks */,
				CCE7378E1C218A0400848D46 /* Resources */,
			);
			buildRules = (
			);
			dependencies = (
				CCE737921C218A0400848D46 /* PBXTargetDependency */,
			);
			name = MusicPlayerDemoTests;
			productName = MusicPlayerDemoTests;
			productReference = CCE737901C218A0400848D46 /* MusicPlayerDemoTests.xctest */;
			productType = "com.apple.product-type.bundle.unit-test";
		};
		CCE7379A1C218A0400848D46 /* MusicPlayerDemoUITests */ = {
			isa = PBXNativeTarget;
			buildConfigurationList = CCE737AA1C218A0400848D46 /* Build configuration list for PBXNativeTarget "MusicPlayerDemoUITests" */;
			buildPhases = (
				CCE737971C218A0400848D46 /* Sources */,
				CCE737981C218A0400848D46 /* Frameworks */,
				CCE737991C218A0400848D46 /* Resources */,
			);
			buildRules = (
			);
			dependencies = (
				CCE7379D1C218A0400848D46 /* PBXTargetDependency */,
			);
			name = MusicPlayerDemoUITests;
			productName = MusicPlayerDemoUITests;
			productReference = CCE7379B1C218A0400848D46 /* MusicPlayerDemoUITests.xctest */;
			productType = "com.apple.product-type.bundle.ui-testing";
		};
/* End PBXNativeTarget section */

/* Begin PBXProject section */
		CCE7376F1C218A0400848D46 /* Project object */ = {
			isa = PBXProject;
			attributes = {
				LastUpgradeCheck = 0710;
				ORGANIZATIONNAME = qingyun;
				TargetAttributes = {
					CCE737761C218A0400848D46 = {
						CreatedOnToolsVersion = 7.1;
						DevelopmentTeam = 2KTXQ3SG23;
					};
					CCE7378F1C218A0400848D46 = {
						CreatedOnToolsVersion = 7.1;
						DevelopmentTeam = 2KTXQ3SG23;
						TestTargetID = CCE737761C218A0400848D46;
					};
					CCE7379A1C218A0400848D46 = {
						CreatedOnToolsVersion = 7.1;
						DevelopmentTeam = 2KTXQ3SG23;
						TestTargetID = CCE737761C218A0400848D46;
					};
				};
			};
			buildConfigurationList = CCE737721C218A0400848D46 /* Build configuration list for PBXProject "MusicPlayerDemo" */;
			compatibilityVersion = "Xcode 3.2";
			developmentRegion = English;
			hasScannedForEncodings = 0;
			knownRegions = (
				en,
				Base,
			);
			mainGroup = CCE7376E1C218A0400848D46;
			productRefGroup = CCE737781C218A0400848D46 /* Products */;
			projectDirPath = "";
			projectRoot = "";
			targets = (
				CCE737761C218A0400848D46 /* MusicPlayerDemo */,
				CCE7378F1C218A0400848D46 /* MusicPlayerDemoTests */,
				CCE7379A1C218A0400848D46 /* MusicPlayerDemoUITests */,
			);
		};
/* End PBXProject section */

/* Begin PBXResourcesBuildPhase section */
		CCE737751C218A0400848D46 /* Resources */ = {
			isa = PBXResourcesBuildPhase;
			buildActionMask = 2147483647;
			files = (
				CCE737B41C219A3800848D46 /* b.png in Resources */,
				CCE737C51C219F5F00848D46 /* tabBar.png in Resources */,
				CCE737AF1C2195D100848D46 /* CD.png in Resources */,
				CCE737B71C219AC000848D46 /* menu1.png in Resources */,
				CCE7378A1C218A0400848D46 /* LaunchScreen.storyboard in Resources */,
				CCE737871C218A0400848D46 /* Assets.xcassets in Resources */,
				CCE737B11C21987900848D46 /* a.jpg in Resources */,
				CCE737B51C219A3800848D46 /* b1.png in Resources */,
				CCE737851C218A0400848D46 /* Main.storyboard in Resources */,
			);
			runOnlyForDeploymentPostprocessing = 0;
		};
		CCE7378E1C218A0400848D46 /* Resources */ = {
			isa = PBXResourcesBuildPhase;
			buildActionMask = 2147483647;
			files = (
			);
			runOnlyForDeploymentPostprocessing = 0;
		};
		CCE737991C218A0400848D46 /* Resources */ = {
			isa = PBXResourcesBuildPhase;
			buildActionMask = 2147483647;
			files = (
			);
			runOnlyForDeploymentPostprocessing = 0;
		};
/* End PBXResourcesBuildPhase section */

/* Begin PBXSourcesBuildPhase section */
		CCE737731C218A0400848D46 /* Sources */ = {
			isa = PBXSourcesBuildPhase;
			buildActionMask = 2147483647;
			files = (
				CCE7377F1C218A0400848D46 /* AppDelegate.m in Sources */,
				CCE737BE1C219D1C00848D46 /* PlayViewController.m in Sources */,
				CCE737C11C219D3400848D46 /* ListViewController.m in Sources */,
				CCE7377C1C218A0400848D46 /* main.m in Sources */,
			);
			runOnlyForDeploymentPostprocessing = 0;
		};
		CCE7378C1C218A0400848D46 /* Sources */ = {
			isa = PBXSourcesBuildPhase;
			buildActionMask = 2147483647;
			files = (
				CCE737951C218A0400848D46 /* MusicPlayerDemoTests.m in Sources */,
			);
			runOnlyForDeploymentPostprocessing = 0;
		};
		CCE737971C218A0400848D46 /* Sources */ = {
			isa = PBXSourcesBuildPhase;
			buildActionMask = 2147483647;
			files = (
				CCE737A01C218A0400848D46 /* MusicPlayerDemoUITests.m in Sources */,
			);
			runOnlyForDeploymentPostprocessing = 0;
		};
/* End PBXSourcesBuildPhase section */

/* Begin PBXTargetDependency section */
		CCE737921C218A0400848D46 /* PBXTargetDependency */ = {
			isa = PBXTargetDependency;
			target = CCE737761C218A0400848D46 /* MusicPlayerDemo */;
			targetProxy = CCE737911C218A0400848D46 /* PBXContainerItemProxy */;
		};
		CCE7379D1C218A0400848D46 /* PBXTargetDependency */ = {
			isa = PBXTargetDependency;
			target = CCE737761C218A0400848D46 /* MusicPlayerDemo */;
			targetProxy = CCE7379C1C218A0400848D46 /* PBXContainerItemProxy */;
		};
/* End PBXTargetDependency section */

/* Begin PBXVariantGroup section */
		CCE737831C218A0400848D46 /* Main.storyboard */ = {
			isa = PBXVariantGroup;
			children = (
				CCE737841C218A0400848D46 /* Base */,
			);
			name = Main.storyboard;
			sourceTree = "<group>";
		};
		CCE737881C218A0400848D46 /* LaunchScreen.storyboard */ = {
			isa = PBXVariantGroup;
			children = (
				CCE737891C218A0400848D46 /* Base */,
			);
			name = LaunchScreen.storyboard;
			sourceTree = "<group>";
		};
/* End PBXVariantGroup section */

/* Begin XCBuildConfiguration section */
		CCE737A21C218A0400848D46 /* Debug */ = {
			isa = XCBuildConfiguration;
			buildSettings = {
				ALWAYS_SEARCH_USER_PATHS = NO;
				CLANG_CXX_LANGUAGE_STANDARD = "gnu++0x";
				CLANG_CXX_LIBRARY = "libc++";
				CLANG_ENABLE_MODULES = YES;
				CLANG_ENABLE_OBJC_ARC = YES;
				CLANG_WARN_BOOL_CONVERSION = YES;
				CLANG_WARN_CONSTANT_CONVERSION = YES;
				CLANG_WARN_DIRECT_OBJC_ISA_USAGE = YES_ERROR;
				CLANG_WARN_EMPTY_BODY = YES;
				CLANG_WARN_ENUM_CONVERSION = YES;
				CLANG_WARN_INT_CONVERSION = YES;
				CLANG_WARN_OBJC_ROOT_CLASS = YES_ERROR;
				CLANG_WARN_UNREACHABLE_CODE = YES;
				CLANG_WARN__DUPLICATE_METHOD_MATCH = YES;
				"CODE_SIGN_IDENTITY[sdk=iphoneos*]" = "iPhone Developer";
				COPY_PHASE_STRIP = NO;
				DEBUG_INFORMATION_FORMAT = dwarf;
				ENABLE_STRICT_OBJC_MSGSEND = YES;
				ENABLE_TESTABILITY = YES;
				GCC_C_LANGUAGE_STANDARD = gnu99;
				GCC_DYNAMIC_NO_PIC = NO;
				GCC_NO_COMMON_BLOCKS = YES;
				GCC_OPTIMIZATION_LEVEL = 0;
				GCC_PREPROCESSOR_DEFINITIONS = (
					"DEBUG=1",
					"$(inherited)",
				);
				GCC_WARN_64_TO_32_BIT_CONVERSION = YES;
				GCC_WARN_ABOUT_RETURN_TYPE = YES_ERROR;
				GCC_WARN_UNDECLARED_SELECTOR = YES;
				GCC_WARN_UNINITIALIZED_AUTOS = YES_AGGRESSIVE;
				GCC_WARN_UNUSED_FUNCTION = YES;
				GCC_WARN_UNUSED_VARIABLE = YES;
				IPHONEOS_DEPLOYMENT_TARGET = 9.1;
				MTL_ENABLE_DEBUG_INFO = YES;
				ONLY_ACTIVE_ARCH = YES;
				SDKROOT = iphoneos;
			};
			name = Debug;
		};
		CCE737A31C218A0400848D46 /* Release */ = {
			isa = XCBuildConfiguration;
			buildSettings = {
				ALWAYS_SEARCH_USER_PATHS = NO;
				CLANG_CXX_LANGUAGE_STANDARD = "gnu++0x";
				CLANG_CXX_LIBRARY = "libc++";
				CLANG_ENABLE_MODULES = YES;
				CLANG_ENABLE_OBJC_ARC = YES;
				CLANG_WARN_BOOL_CONVERSION = YES;
				CLANG_WARN_CONSTANT_CONVERSION = YES;
				CLANG_WARN_DIRECT_OBJC_ISA_USAGE = YES_ERROR;
				CLANG_WARN_EMPTY_BODY = YES;
				CLANG_WARN_ENUM_CONVERSION = YES;
				CLANG_WARN_INT_CONVERSION = YES;
				CLANG_WARN_OBJC_ROOT_CLASS = YES_ERROR;
				CLANG_WARN_UNREACHABLE_CODE = YES;
				CLANG_WARN__DUPLICATE_METHOD_MATCH = YES;
				"CODE_SIGN_IDENTITY[sdk=iphoneos*]" = "iPhone Developer";
				COPY_PHASE_STRIP = NO;
				DEBUG_INFORMATION_FORMAT = "dwarf-with-dsym";
				ENABLE_NS_ASSERTIONS = NO;
				ENABLE_STRICT_OBJC_MSGSEND = YES;
				GCC_C_LANGUAGE_STANDARD = gnu99;
				GCC_NO_COMMON_BLOCKS = YES;
				GCC_WARN_64_TO_32_BIT_CONVERSION = YES;
				GCC_WARN_ABOUT_RETURN_TYPE = YES_ERROR;
				GCC_WARN_UNDECLARED_SELECTOR = YES;
				GCC_WARN_UNINITIALIZED_AUTOS = YES_AGGRESSIVE;
				GCC_WARN_UNUSED_FUNCTION = YES;
				GCC_WARN_UNUSED_VARIABLE = YES;
				IPHONEOS_DEPLOYMENT_TARGET = 9.1;
				MTL_ENABLE_DEBUG_INFO = NO;
				SDKROOT = iphoneos;
				VALIDATE_PRODUCT = YES;
			};
			name = Release;
		};
		CCE737A51C218A0400848D46 /* Debug */ = {
			isa = XCBuildConfiguration;
			buildSettings = {
				ASSETCATALOG_COMPILER_APPICON_NAME = AppIcon;
				INFOPLIST_FILE = MusicPlayerDemo/Info.plist;
				LD_RUNPATH_SEARCH_PATHS = "$(inherited) @executable_path/Frameworks";
				PRODUCT_BUNDLE_IDENTIFIER = com.qingyun.MusicPlayerDemo;
				PRODUCT_NAME = "$(TARGET_NAME)";
			};
			name = Debug;
		};
		CCE737A61C218A0400848D46 /* Release */ = {
			isa = XCBuildConfiguration;
			buildSettings = {
				ASSETCATALOG_COMPILER_APPICON_NAME = AppIcon;
				INFOPLIST_FILE = MusicPlayerDemo/Info.plist;
				LD_RUNPATH_SEARCH_PATHS = "$(inherited) @executable_path/Frameworks";
				PRODUCT_BUNDLE_IDENTIFIER = com.qingyun.MusicPlayerDemo;
				PRODUCT_NAME = "$(TARGET_NAME)";
			};
			name = Release;
		};
		CCE737A81C218A0400848D46 /* Debug */ = {
			isa = XCBuildConfiguration;
			buildSettings = {
				BUNDLE_LOADER = "$(TEST_HOST)";
				INFOPLIST_FILE = MusicPlayerDemoTests/Info.plist;
				LD_RUNPATH_SEARCH_PATHS = "$(inherited) @executable_path/Frameworks @loader_path/Frameworks";
				PRODUCT_BUNDLE_IDENTIFIER = com.qingyun.MusicPlayerDemoTests;
				PRODUCT_NAME = "$(TARGET_NAME)";
				TEST_HOST = "$(BUILT_PRODUCTS_DIR)/MusicPlayerDemo.app/MusicPlayerDemo";
			};
			name = Debug;
		};
		CCE737A91C218A0400848D46 /* Release */ = {
			isa = XCBuildConfiguration;
			buildSettings = {
				BUNDLE_LOADER = "$(TEST_HOST)";
				INFOPLIST_FILE = MusicPlayerDemoTests/Info.plist;
				LD_RUNPATH_SEARCH_PATHS = "$(inherited) @executable_path/Frameworks @loader_path/Frameworks";
				PRODUCT_BUNDLE_IDENTIFIER = com.qingyun.MusicPlayerDemoTests;
				PRODUCT_NAME = "$(TARGET_NAME)";
				TEST_HOST = "$(BUILT_PRODUCTS_DIR)/MusicPlayerDemo.app/MusicPlayerDemo";
			};
			name = Release;
		};
		CCE737AB1C218A0400848D46 /* Debug */ = {
			isa = XCBuildConfiguration;
			buildSettings = {
				INFOPLIST_FILE = MusicPlayerDemoUITests/Info.plist;
				LD_RUNPATH_SEARCH_PATHS = "$(inherited) @executable_path/Frameworks @loader_path/Frameworks";
				PRODUCT_BUNDLE_IDENTIFIER = com.qingyun.MusicPlayerDemoUITests;
				PRODUCT_NAME = "$(TARGET_NAME)";
				TEST_TARGET_NAME = MusicPlayerDemo;
				USES_XCTRUNNER = YES;
			};
			name = Debug;
		};
		CCE737AC1C218A0400848D46 /* Release */ = {
			isa = XCBuildConfiguration;
			buildSettings = {
				INFOPLIST_FILE = MusicPlayerDemoUITests/Info.plist;
				LD_RUNPATH_SEARCH_PATHS = "$(inherited) @executable_path/Frameworks @loader_path/Frameworks";
				PRODUCT_BUNDLE_IDENTIFIER = com.qingyun.MusicPlayerDemoUITests;
				PRODUCT_NAME = "$(TARGET_NAME)";
				TEST_TARGET_NAME = MusicPlayerDemo;
				USES_XCTRUNNER = YES;
			};
			name = Release;
		};
/* End XCBuildConfiguration section */

/* Begin XCConfigurationList section */
		CCE737721C218A0400848D46 /* Build configuration list for PBXProject "MusicPlayerDemo" */ = {
			isa = XCConfigurationList;
			buildConfigurations = (
				CCE737A21C218A0400848D46 /* Debug */,
				CCE737A31C218A0400848D46 /* Release */,
			);
			defaultConfigurationIsVisible = 0;
			defaultConfigurationName = Release;
		};
		CCE737A41C218A0400848D46 /* Build configuration list for PBXNativeTarget "MusicPlayerDemo" */ = {
			isa = XCConfigurationList;
			buildConfigurations = (
				CCE737A51C218A0400848D46 /* Debug */,
				CCE737A61C218A0400848D46 /* Release */,
			);
			defaultConfigurationIsVisible = 0;
		};
		CCE737A71C218A0400848D46 /* Build configuration list for PBXNativeTarget "MusicPlayerDemoTests" */ = {
			isa = XCConfigurationList;
			buildConfigurations = (
				CCE737A81C218A0400848D46 /* Debug */,
				CCE737A91C218A0400848D46 /* Release */,
			);
			defaultConfigurationIsVisible = 0;
		};
		CCE737AA1C218A0400848D46 /* Build configuration list for PBXNativeTarget "MusicPlayerDemoUITests" */ = {
			isa = XCConfigurationList;
			buildConfigurations = (
				CCE737AB1C218A0400848D46 /* Debug */,
				CCE737AC1C218A0400848D46 /* Release */,
			);
			defaultConfigurationIsVisible = 0;
		};
/* End XCConfigurationList section */
	};
	rootObject = CCE7376F1C218A0400848D46 /* Project object */;
}
